{
    "_meta": {
        "hash": {
            "sha256": "913c9657a99675ef2e2cf9284bded61dc7f179a5af176dd1debd2fee238e2f0e"
        },
        "pipfile-spec": 6,
        "requires": {
            "python_full_version": "3.13.0",
            "python_version": "3.13"
        },
        "sources": [
            {
                "name": "pypi",
                "url": "https://pypi.org/simple",
                "verify_ssl": true
            }
        ]
    },
    "default": {
        "annotated-types": {
            "hashes": [
                "sha256:1f02e8b43a8fbbc3f3e0d4f0f4bfc8131bcb4eebe8849b8e5c773f3a1c582a53",
                "sha256:aff07c09a53a08bc8cfccb9c85b05f1aa9a2a6f23728d790723543408344ce89"
            ],
            "markers": "python_version >= '3.8'",
            "version": "==0.7.0"
        },
        "async-timeout": {
            "hashes": [
                "sha256:39e3809566ff85354557ec2398b55e096c8364bacac9405a7a1fa429e77fe76c",
                "sha256:d9321a7a3d5a6a5e187e824d2fa0793ce379a202935782d555d6e9d2735677d3"
            ],
            "markers": "python_version >= '3.8'",
            "version": "==5.0.1"
        },
        "choreographer": {
            "hashes": [
                "sha256:02b66165ec09547d4bbff8278f8a64cc036589d426e70f7f04f4804fbc4da292",
                "sha256:cdb98712fe950bc3c37f2fb8c381582cdd4779f013fc40ec3e3d1d749187577e"
            ],
            "markers": "python_version >= '3.9'",
            "version": "==0.99.7"
        },
        "graphviz": {
            "hashes": [
                "sha256:09d6bc81e6a9fa392e7ba52135a9d49f1ed62526f96499325930e87ca1b5925d",
                "sha256:81f848f2904515d8cd359cc611faba817598d2feaac4027b266aa3eda7b3dde5"
            ],
            "markers": "python_version >= '3.8'",
            "version": "==0.20.3"
        },
        "graspgraph": {
            "hashes": [
                "sha256:06850ae86dc5893ddec3d4a0f0b0db9d2f2c1bdf202f0f35972d319cbbc0a644",
                "sha256:63af50d59e7364383264744c856d89f3dfb2080269766bc4263028e2a2bba516"
            ],
            "index": "pypi",
            "markers": "python_version >= '3.13'",
            "version": "==0.2.2"
        },
        "inflection": {
            "hashes": [
                "sha256:1a29730d366e996aaacffb2f1f1cb9593dc38e2ddd30c91250c6dde09ea9b417",
                "sha256:f38b2b640938a4f35ade69ac3d053042959b62a0f1076a5bbaa1b9526605a8a2"
            ],
            "markers": "python_version >= '3.5'",
            "version": "==0.5.1"
        },
        "kaleido": {
            "hashes": [
                "sha256:92d8b74b5d1015b43d2f61b90036408100ad4e423a4a1f63116d37c32fd87102",
                "sha256:fc3cab45dda7f20b24539feb8fcc275bf674ebb382befdd93933eb5c43e24e65"
            ],
            "markers": "python_version >= '3.9'",
            "version": "==1.0.0rc0"
        },
        "numpy": {
            "hashes": [
                "sha256:0557eebc699c1c34cccdd8c3778c9294e8196df27d713706895edc6f57d29608",
                "sha256:0798b138c291d792f8ea40fe3768610f3c7dd2574389e37c3f26573757c8f7ef",
                "sha256:0da8495970f6b101ddd0c38ace92edea30e7e12b9a926b57f5fabb1ecc25bb90",
                "sha256:0f0986e917aca18f7a567b812ef7ca9391288e2acb7a4308aa9d265bd724bdae",
                "sha256:122fd2fcfafdefc889c64ad99c228d5a1f9692c3a83f56c292618a59aa60ae83",
                "sha256:140dd80ff8981a583a60980be1a655068f8adebf7a45a06a6858c873fcdcd4a0",
                "sha256:16757cf28621e43e252c560d25b15f18a2f11da94fea344bf26c599b9cf54b73",
                "sha256:18142b497d70a34b01642b9feabb70156311b326fdddd875a9981f34a369b671",
                "sha256:1c92113619f7b272838b8d6702a7f8ebe5edea0df48166c47929611d0b4dea69",
                "sha256:1e25507d85da11ff5066269d0bd25d06e0a0f2e908415534f3e603d2a78e4ffa",
                "sha256:30bf971c12e4365153afb31fc73f441d4da157153f3400b82db32d04de1e4066",
                "sha256:3579eaeb5e07f3ded59298ce22b65f877a86ba8e9fe701f5576c99bb17c283da",
                "sha256:36b2b43146f646642b425dd2027730f99bac962618ec2052932157e213a040e9",
                "sha256:3905a5fffcc23e597ee4d9fb3fcd209bd658c352657548db7316e810ca80458e",
                "sha256:3a4199f519e57d517ebd48cb76b36c82da0360781c6a0353e64c0cac30ecaad3",
                "sha256:3f2f5cddeaa4424a0a118924b988746db6ffa8565e5829b1841a8a3bd73eb59a",
                "sha256:40deb10198bbaa531509aad0cd2f9fadb26c8b94070831e2208e7df543562b74",
                "sha256:440cfb3db4c5029775803794f8638fbdbf71ec702caf32735f53b008e1eaece3",
                "sha256:4723a50e1523e1de4fccd1b9a6dcea750c2102461e9a02b2ac55ffeae09a4410",
                "sha256:4bddbaa30d78c86329b26bd6aaaea06b1e47444da99eddac7bf1e2fab717bd72",
                "sha256:4e58666988605e251d42c2818c7d3d8991555381be26399303053b58a5bbf30d",
                "sha256:54dc1d6d66f8d37843ed281773c7174f03bf7ad826523f73435deb88ba60d2d4",
                "sha256:57fcc997ffc0bef234b8875a54d4058afa92b0b0c4223fc1f62f24b3b5e86038",
                "sha256:58b92a5828bd4d9aa0952492b7de803135038de47343b2aa3cc23f3b71a3dc4e",
                "sha256:5a145e956b374e72ad1dff82779177d4a3c62bc8248f41b80cb5122e68f22d13",
                "sha256:6ab153263a7c5ccaf6dfe7e53447b74f77789f28ecb278c3b5d49db7ece10d6d",
                "sha256:7832f9e8eb00be32f15fdfb9a981d6955ea9adc8574c521d48710171b6c55e95",
                "sha256:7fe4bb0695fe986a9e4deec3b6857003b4cfe5c5e4aac0b95f6a658c14635e31",
                "sha256:7fe8f3583e0607ad4e43a954e35c1748b553bfe9fdac8635c02058023277d1b3",
                "sha256:85ad7d11b309bd132d74397fcf2920933c9d1dc865487128f5c03d580f2c3d03",
                "sha256:9874bc2ff574c40ab7a5cbb7464bf9b045d617e36754a7bc93f933d52bd9ffc6",
                "sha256:a184288538e6ad699cbe6b24859206e38ce5fba28f3bcfa51c90d0502c1582b2",
                "sha256:a222d764352c773aa5ebde02dd84dba3279c81c6db2e482d62a3fa54e5ece69b",
                "sha256:a50aeff71d0f97b6450d33940c7181b08be1441c6c193e678211bff11aa725e7",
                "sha256:a55dc7a7f0b6198b07ec0cd445fbb98b05234e8b00c5ac4874a63372ba98d4ab",
                "sha256:a62eb442011776e4036af5c8b1a00b706c5bc02dc15eb5344b0c750428c94219",
                "sha256:a7d41d1612c1a82b64697e894b75db6758d4f21c3ec069d841e60ebe54b5b571",
                "sha256:a98f6f20465e7618c83252c02041517bd2f7ea29be5378f09667a8f654a5918d",
                "sha256:afe8fb968743d40435c3827632fd36c5fbde633b0423da7692e426529b1759b1",
                "sha256:b0b227dcff8cdc3efbce66d4e50891f04d0a387cce282fe1e66199146a6a8fca",
                "sha256:b30042fe92dbd79f1ba7f6898fada10bdaad1847c44f2dff9a16147e00a93661",
                "sha256:b606b1aaf802e6468c2608c65ff7ece53eae1a6874b3765f69b8ceb20c5fa78e",
                "sha256:b6207dc8fb3c8cb5668e885cef9ec7f70189bec4e276f0ff70d5aa078d32c88e",
                "sha256:c2aed8fcf8abc3020d6a9ccb31dbc9e7d7819c56a348cc88fd44be269b37427e",
                "sha256:cb24cca1968b21355cc6f3da1a20cd1cebd8a023e3c5b09b432444617949085a",
                "sha256:cff210198bb4cae3f3c100444c5eaa573a823f05c253e7188e1362a5555235b3",
                "sha256:d35717333b39d1b6bb8433fa758a55f1081543de527171543a2b710551d40881",
                "sha256:df12a1f99b99f569a7c2ae59aa2d31724e8d835fc7f33e14f4792e3071d11221",
                "sha256:e09d40edfdb4e260cb1567d8ae770ccf3b8b7e9f0d9b5c2a9992696b30ce2742",
                "sha256:e12c6c1ce84628c52d6367863773f7c8c8241be554e8b79686e91a43f1733773",
                "sha256:e2b8cd48a9942ed3f85b95ca4105c45758438c7ed28fff1e4ce3e57c3b589d8e",
                "sha256:e500aba968a48e9019e42c0c199b7ec0696a97fa69037bea163b55398e390529",
                "sha256:ebe5e59545401fbb1b24da76f006ab19734ae71e703cdb4a8b347e84a0cece67",
                "sha256:f0dd071b95bbca244f4cb7f70b77d2ff3aaaba7fa16dc41f58d14854a6204e6c",
                "sha256:f8c8b141ef9699ae777c6278b52c706b653bf15d135d302754f6b2e90eb30367"
            ],
            "markers": "python_version >= '3.10'",
            "version": "==2.2.0"
        },
        "packaging": {
            "hashes": [
                "sha256:09abb1bccd265c01f4a3aa3f7a7db064b36514d2cba19a2f694fe6150451a759",
                "sha256:c228a6dc5e932d346bc5739379109d49e8853dd8223571c7c5b55260edc0b97f"
            ],
            "markers": "python_version >= '3.8'",
            "version": "==24.2"
        },
        "pdf2image": {
            "hashes": [
                "sha256:eaa959bc116b420dd7ec415fcae49b98100dda3dd18cd2fdfa86d09f112f6d57",
                "sha256:ecdd58d7afb810dffe21ef2b1bbc057ef434dabbac6c33778a38a3f7744a27e2"
            ],
            "version": "==1.17.0"
        },
        "pillow": {
            "hashes": [
                "sha256:00177a63030d612148e659b55ba99527803288cea7c75fb05766ab7981a8c1b7",
                "sha256:006bcdd307cc47ba43e924099a038cbf9591062e6c50e570819743f5607404f5",
                "sha256:084a07ef0821cfe4858fe86652fffac8e187b6ae677e9906e192aafcc1b69903",
                "sha256:0ae08bd8ffc41aebf578c2af2f9d8749d91f448b3bfd41d7d9ff573d74f2a6b2",
                "sha256:0e038b0745997c7dcaae350d35859c9715c71e92ffb7e0f4a8e8a16732150f38",
                "sha256:1187739620f2b365de756ce086fdb3604573337cc28a0d3ac4a01ab6b2d2a6d2",
                "sha256:16095692a253047fe3ec028e951fa4221a1f3ed3d80c397e83541a3037ff67c9",
                "sha256:1a61b54f87ab5786b8479f81c4b11f4d61702830354520837f8cc791ebba0f5f",
                "sha256:1c1d72714f429a521d8d2d018badc42414c3077eb187a59579f28e4270b4b0fc",
                "sha256:1e2688958a840c822279fda0086fec1fdab2f95bf2b717b66871c4ad9859d7e8",
                "sha256:20ec184af98a121fb2da42642dea8a29ec80fc3efbaefb86d8fdd2606619045d",
                "sha256:21a0d3b115009ebb8ac3d2ebec5c2982cc693da935f4ab7bb5c8ebe2f47d36f2",
                "sha256:224aaa38177597bb179f3ec87eeefcce8e4f85e608025e9cfac60de237ba6316",
                "sha256:2679d2258b7f1192b378e2893a8a0a0ca472234d4c2c0e6bdd3380e8dfa21b6a",
                "sha256:27a7860107500d813fcd203b4ea19b04babe79448268403172782754870dac25",
                "sha256:290f2cc809f9da7d6d622550bbf4c1e57518212da51b6a30fe8e0a270a5b78bd",
                "sha256:2e46773dc9f35a1dd28bd6981332fd7f27bec001a918a72a79b4133cf5291dba",
                "sha256:3107c66e43bda25359d5ef446f59c497de2b5ed4c7fdba0894f8d6cf3822dafc",
                "sha256:375b8dd15a1f5d2feafff536d47e22f69625c1aa92f12b339ec0b2ca40263273",
                "sha256:45c566eb10b8967d71bf1ab8e4a525e5a93519e29ea071459ce517f6b903d7fa",
                "sha256:499c3a1b0d6fc8213519e193796eb1a86a1be4b1877d678b30f83fd979811d1a",
                "sha256:4ad70c4214f67d7466bea6a08061eba35c01b1b89eaa098040a35272a8efb22b",
                "sha256:4b60c9520f7207aaf2e1d94de026682fc227806c6e1f55bba7606d1c94dd623a",
                "sha256:5178952973e588b3f1360868847334e9e3bf49d19e169bbbdfaf8398002419ae",
                "sha256:52a2d8323a465f84faaba5236567d212c3668f2ab53e1c74c15583cf507a0291",
                "sha256:598b4e238f13276e0008299bd2482003f48158e2b11826862b1eb2ad7c768b97",
                "sha256:5bd2d3bdb846d757055910f0a59792d33b555800813c3b39ada1829c372ccb06",
                "sha256:5c39ed17edea3bc69c743a8dd3e9853b7509625c2462532e62baa0732163a904",
                "sha256:5d203af30149ae339ad1b4f710d9844ed8796e97fda23ffbc4cc472968a47d0b",
                "sha256:5ddbfd761ee00c12ee1be86c9c0683ecf5bb14c9772ddbd782085779a63dd55b",
                "sha256:607bbe123c74e272e381a8d1957083a9463401f7bd01287f50521ecb05a313f8",
                "sha256:61b887f9ddba63ddf62fd02a3ba7add935d053b6dd7d58998c630e6dbade8527",
                "sha256:6619654954dc4936fcff82db8eb6401d3159ec6be81e33c6000dfd76ae189947",
                "sha256:674629ff60030d144b7bca2b8330225a9b11c482ed408813924619c6f302fdbb",
                "sha256:6ec0d5af64f2e3d64a165f490d96368bb5dea8b8f9ad04487f9ab60dc4bb6003",
                "sha256:6f4dba50cfa56f910241eb7f883c20f1e7b1d8f7d91c750cd0b318bad443f4d5",
                "sha256:70fbbdacd1d271b77b7721fe3cdd2d537bbbd75d29e6300c672ec6bb38d9672f",
                "sha256:72bacbaf24ac003fea9bff9837d1eedb6088758d41e100c1552930151f677739",
                "sha256:7326a1787e3c7b0429659e0a944725e1b03eeaa10edd945a86dead1913383944",
                "sha256:73853108f56df97baf2bb8b522f3578221e56f646ba345a372c78326710d3830",
                "sha256:73e3a0200cdda995c7e43dd47436c1548f87a30bb27fb871f352a22ab8dcf45f",
                "sha256:75acbbeb05b86bc53cbe7b7e6fe00fbcf82ad7c684b3ad82e3d711da9ba287d3",
                "sha256:8069c5179902dcdce0be9bfc8235347fdbac249d23bd90514b7a47a72d9fecf4",
                "sha256:846e193e103b41e984ac921b335df59195356ce3f71dcfd155aa79c603873b84",
                "sha256:8594f42df584e5b4bb9281799698403f7af489fba84c34d53d1c4bfb71b7c4e7",
                "sha256:86510e3f5eca0ab87429dd77fafc04693195eec7fd6a137c389c3eeb4cfb77c6",
                "sha256:8853a3bf12afddfdf15f57c4b02d7ded92c7a75a5d7331d19f4f9572a89c17e6",
                "sha256:88a58d8ac0cc0e7f3a014509f0455248a76629ca9b604eca7dc5927cc593c5e9",
                "sha256:8ba470552b48e5835f1d23ecb936bb7f71d206f9dfeee64245f30c3270b994de",
                "sha256:8c676b587da5673d3c75bd67dd2a8cdfeb282ca38a30f37950511766b26858c4",
                "sha256:8ec4a89295cd6cd4d1058a5e6aec6bf51e0eaaf9714774e1bfac7cfc9051db47",
                "sha256:94f3e1780abb45062287b4614a5bc0874519c86a777d4a7ad34978e86428b8dd",
                "sha256:9a0f748eaa434a41fccf8e1ee7a3eed68af1b690e75328fd7a60af123c193b50",
                "sha256:a5629742881bcbc1f42e840af185fd4d83a5edeb96475a575f4da50d6ede337c",
                "sha256:a65149d8ada1055029fcb665452b2814fe7d7082fcb0c5bed6db851cb69b2086",
                "sha256:b3c5ac4bed7519088103d9450a1107f76308ecf91d6dabc8a33a2fcfb18d0fba",
                "sha256:b4fd7bd29610a83a8c9b564d457cf5bd92b4e11e79a4ee4716a63c959699b306",
                "sha256:bcd1fb5bb7b07f64c15618c89efcc2cfa3e95f0e3bcdbaf4642509de1942a699",
                "sha256:c12b5ae868897c7338519c03049a806af85b9b8c237b7d675b8c5e089e4a618e",
                "sha256:c26845094b1af3c91852745ae78e3ea47abf3dbcd1cf962f16b9a5fbe3ee8488",
                "sha256:c6a660307ca9d4867caa8d9ca2c2658ab685de83792d1876274991adec7b93fa",
                "sha256:c809a70e43c7977c4a42aefd62f0131823ebf7dd73556fa5d5950f5b354087e2",
                "sha256:c8b2351c85d855293a299038e1f89db92a2f35e8d2f783489c6f0b2b5f3fe8a3",
                "sha256:cb929ca942d0ec4fac404cbf520ee6cac37bf35be479b970c4ffadf2b6a1cad9",
                "sha256:d2c0a187a92a1cb5ef2c8ed5412dd8d4334272617f532d4ad4de31e0495bd923",
                "sha256:d69bfd8ec3219ae71bcde1f942b728903cad25fafe3100ba2258b973bd2bc1b2",
                "sha256:daffdf51ee5db69a82dd127eabecce20729e21f7a3680cf7cbb23f0829189790",
                "sha256:e58876c91f97b0952eb766123bfef372792ab3f4e3e1f1a2267834c2ab131734",
                "sha256:eda2616eb2313cbb3eebbe51f19362eb434b18e3bb599466a1ffa76a033fb916",
                "sha256:ee217c198f2e41f184f3869f3e485557296d505b5195c513b2bfe0062dc537f1",
                "sha256:f02541ef64077f22bf4924f225c0fd1248c168f86e4b7abdedd87d6ebaceab0f",
                "sha256:f1b82c27e89fffc6da125d5eb0ca6e68017faf5efc078128cfaa42cf5cb38798",
                "sha256:fba162b8872d30fea8c52b258a542c5dfd7b235fb5cb352240c8d63b414013eb",
                "sha256:fbbcb7b57dc9c794843e3d1258c0fbf0f48656d46ffe9e09b63bbd6e8cd5d0a2",
                "sha256:fcb4621042ac4b7865c179bb972ed0da0218a076dc1820ffc48b1d74c1e37fe9"
            ],
            "markers": "python_version >= '3.9'",
            "version": "==11.0.0"
        },
        "ping3": {
            "hashes": [
                "sha256:9ab460eb57f006b71f977a693d157215aabd6bbcbc6cd6428b6951eaae0c2875",
                "sha256:b5c294851968b4229e9af69d252778241cb84221594b436a8677419c31925594"
            ],
            "index": "pypi",
            "markers": "python_version >= '3.5'",
            "version": "==4.0.8"
        },
        "plotly": {
            "hashes": [
                "sha256:dbc8ac8339d248a4bcc36e08a5659bacfe1b079390b8953533f4eb22169b4bae",
                "sha256:f67073a1e637eb0dc3e46324d9d51e2fe76e9727c892dde64ddf1e1b51f29089"
            ],
            "markers": "python_version >= '3.8'",
            "version": "==5.24.1"
        },
        "pydantic": {
            "hashes": [
                "sha256:be04d85bbc7b65651c5f8e6b9976ed9c6f41782a55524cef079a34a0bb82144d",
                "sha256:cb5ac360ce894ceacd69c403187900a02c4b20b693a9dd1d643e1effab9eadf9"
            ],
            "markers": "python_version >= '3.8'",
            "version": "==2.10.3"
        },
        "pydantic-core": {
            "hashes": [
                "sha256:00e6424f4b26fe82d44577b4c842d7df97c20be6439e8e685d0d715feceb9fb9",
                "sha256:029d9757eb621cc6e1848fa0b0310310de7301057f623985698ed7ebb014391b",
                "sha256:02a3d637bd387c41d46b002f0e49c52642281edacd2740e5a42f7017feea3f2c",
                "sha256:0325336f348dbee6550d129b1627cb8f5351a9dc91aad141ffb96d4937bd9529",
                "sha256:062f60e512fc7fff8b8a9d680ff0ddaaef0193dba9fa83e679c0c5f5fbd018bc",
                "sha256:0b3dfe500de26c52abe0477dde16192ac39c98f05bf2d80e76102d394bd13854",
                "sha256:0e4216e64d203e39c62df627aa882f02a2438d18a5f21d7f721621f7a5d3611d",
                "sha256:121ceb0e822f79163dd4699e4c54f5ad38b157084d97b34de8b232bcaad70278",
                "sha256:159cac0a3d096f79ab6a44d77a961917219707e2a130739c64d4dd46281f5c2a",
                "sha256:15aae984e46de8d376df515f00450d1522077254ef6b7ce189b38ecee7c9677c",
                "sha256:15cc53a3179ba0fcefe1e3ae50beb2784dede4003ad2dfd24f81bba4b23a454f",
                "sha256:161c27ccce13b6b0c8689418da3885d3220ed2eae2ea5e9b2f7f3d48f1d52c27",
                "sha256:19910754e4cc9c63bc1c7f6d73aa1cfee82f42007e407c0f413695c2f7ed777f",
                "sha256:1ba5e3963344ff25fc8c40da90f44b0afca8cfd89d12964feb79ac1411a260ac",
                "sha256:1c00666a3bd2f84920a4e94434f5974d7bbc57e461318d6bb34ce9cdbbc1f6b2",
                "sha256:1c39b07d90be6b48968ddc8c19e7585052088fd7ec8d568bb31ff64c70ae3c97",
                "sha256:206b5cf6f0c513baffaeae7bd817717140770c74528f3e4c3e1cec7871ddd61a",
                "sha256:258c57abf1188926c774a4c94dd29237e77eda19462e5bb901d88adcab6af919",
                "sha256:2cdf7d86886bc6982354862204ae3b2f7f96f21a3eb0ba5ca0ac42c7b38598b9",
                "sha256:2d4567c850905d5eaaed2f7a404e61012a51caf288292e016360aa2b96ff38d4",
                "sha256:35c14ac45fcfdf7167ca76cc80b2001205a8d5d16d80524e13508371fb8cdd9c",
                "sha256:38de0a70160dd97540335b7ad3a74571b24f1dc3ed33f815f0880682e6880131",
                "sha256:3af385b0cee8df3746c3f406f38bcbfdc9041b5c2d5ce3e5fc6637256e60bbc5",
                "sha256:3b748c44bb9f53031c8cbc99a8a061bc181c1000c60a30f55393b6e9c45cc5bd",
                "sha256:3bbd5d8cc692616d5ef6fbbbd50dbec142c7e6ad9beb66b78a96e9c16729b089",
                "sha256:3ccaa88b24eebc0f849ce0a4d09e8a408ec5a94afff395eb69baf868f5183107",
                "sha256:3fa80ac2bd5856580e242dbc202db873c60a01b20309c8319b5c5986fbe53ce6",
                "sha256:4228b5b646caa73f119b1ae756216b59cc6e2267201c27d3912b592c5e323b60",
                "sha256:42b0e23f119b2b456d07ca91b307ae167cc3f6c846a7b169fca5326e32fdc6cf",
                "sha256:45cf8588c066860b623cd11c4ba687f8d7175d5f7ef65f7129df8a394c502de5",
                "sha256:45d9c5eb9273aa50999ad6adc6be5e0ecea7e09dbd0d31bd0c65a55a2592ca08",
                "sha256:4603137322c18eaf2e06a4495f426aa8d8388940f3c457e7548145011bb68e05",
                "sha256:46ccfe3032b3915586e469d4972973f893c0a2bb65669194a5bdea9bacc088c2",
                "sha256:4fefee876e07a6e9aad7a8c8c9f85b0cdbe7df52b8a9552307b09050f7512c7e",
                "sha256:5556470f1a2157031e676f776c2bc20acd34c1990ca5f7e56f1ebf938b9ab57c",
                "sha256:57866a76e0b3823e0b56692d1a0bf722bffb324839bb5b7226a7dbd6c9a40b17",
                "sha256:5897bec80a09b4084aee23f9b73a9477a46c3304ad1d2d07acca19723fb1de62",
                "sha256:58ca98a950171f3151c603aeea9303ef6c235f692fe555e883591103da709b23",
                "sha256:5ca038c7f6a0afd0b2448941b6ef9d5e1949e999f9e5517692eb6da58e9d44be",
                "sha256:5f6c8a66741c5f5447e047ab0ba7a1c61d1e95580d64bce852e3df1f895c4067",
                "sha256:5f8c4718cd44ec1580e180cb739713ecda2bdee1341084c1467802a417fe0f02",
                "sha256:5fde892e6c697ce3e30c61b239330fc5d569a71fefd4eb6512fc6caec9dd9e2f",
                "sha256:62a763352879b84aa31058fc931884055fd75089cccbd9d58bb6afd01141b235",
                "sha256:62ba45e21cf6571d7f716d903b5b7b6d2617e2d5d67c0923dc47b9d41369f840",
                "sha256:64c65f40b4cd8b0e049a8edde07e38b476da7e3aaebe63287c899d2cff253fa5",
                "sha256:655d7dd86f26cb15ce8a431036f66ce0318648f8853d709b4167786ec2fa4807",
                "sha256:66ff044fd0bb1768688aecbe28b6190f6e799349221fb0de0e6f4048eca14c16",
                "sha256:672ebbe820bb37988c4d136eca2652ee114992d5d41c7e4858cdd90ea94ffe5c",
                "sha256:6b9af86e1d8e4cfc82c2022bfaa6f459381a50b94a29e95dcdda8442d6d83864",
                "sha256:6e0bd57539da59a3e4671b90a502da9a28c72322a4f17866ba3ac63a82c4498e",
                "sha256:71a5e35c75c021aaf400ac048dacc855f000bdfed91614b4a726f7432f1f3d6a",
                "sha256:7597c07fbd11515f654d6ece3d0e4e5093edc30a436c63142d9a4b8e22f19c35",
                "sha256:764be71193f87d460a03f1f7385a82e226639732214b402f9aa61f0d025f0737",
                "sha256:7699b1df36a48169cdebda7ab5a2bac265204003f153b4bd17276153d997670a",
                "sha256:7ccebf51efc61634f6c2344da73e366c75e735960b5654b63d7e6f69a5885fa3",
                "sha256:7f7059ca8d64fea7f238994c97d91f75965216bcbe5f695bb44f354893f11d52",
                "sha256:8065914ff79f7eab1599bd80406681f0ad08f8e47c880f17b416c9f8f7a26d05",
                "sha256:816f5aa087094099fff7edabb5e01cc370eb21aa1a1d44fe2d2aefdfb5599b31",
                "sha256:81f2ec23ddc1b476ff96563f2e8d723830b06dceae348ce02914a37cb4e74b89",
                "sha256:84286494f6c5d05243456e04223d5a9417d7f443c3b76065e75001beb26f88de",
                "sha256:8bf7b66ce12a2ac52d16f776b31d16d91033150266eb796967a7e4621707e4f6",
                "sha256:8f1edcea27918d748c7e5e4d917297b2a0ab80cad10f86631e488b7cddf76a36",
                "sha256:981fb88516bd1ae8b0cbbd2034678a39dedc98752f264ac9bc5839d3923fa04c",
                "sha256:98476c98b02c8e9b2eec76ac4156fd006628b1b2d0ef27e548ffa978393fd154",
                "sha256:992cea5f4f3b29d6b4f7f1726ed8ee46c8331c6b4eed6db5b40134c6fe1768bb",
                "sha256:9a3b0793b1bbfd4146304e23d90045f2a9b5fd5823aa682665fbdaf2a6c28f3e",
                "sha256:9a42d6a8156ff78981f8aa56eb6394114e0dedb217cf8b729f438f643608cbcd",
                "sha256:9c10c309e18e443ddb108f0ef64e8729363adbfd92d6d57beec680f6261556f3",
                "sha256:9cbd94fc661d2bab2bc702cddd2d3370bbdcc4cd0f8f57488a81bcce90c7a54f",
                "sha256:9fdcf339322a3fae5cbd504edcefddd5a50d9ee00d968696846f089b4432cf78",
                "sha256:a0697803ed7d4af5e4c1adf1670af078f8fcab7a86350e969f454daf598c4960",
                "sha256:a28af0695a45f7060e6f9b7092558a928a28553366519f64083c63a44f70e618",
                "sha256:a2e02889071850bbfd36b56fd6bc98945e23670773bc7a76657e90e6b6603c08",
                "sha256:a33cd6ad9017bbeaa9ed78a2e0752c5e250eafb9534f308e7a5f7849b0b1bfb4",
                "sha256:a3cb37038123447cf0f3ea4c74751f6a9d7afef0eb71aa07bf5f652b5e6a132c",
                "sha256:a57847b090d7892f123726202b7daa20df6694cbd583b67a592e856bff603d6c",
                "sha256:a5a8e19d7c707c4cadb8c18f5f60c843052ae83c20fa7d44f41594c644a1d330",
                "sha256:ac3b20653bdbe160febbea8aa6c079d3df19310d50ac314911ed8cc4eb7f8cb8",
                "sha256:ac6c2c45c847bbf8f91930d88716a0fb924b51e0c6dad329b793d670ec5db792",
                "sha256:acc07b2cfc5b835444b44a9956846b578d27beeacd4b52e45489e93276241025",
                "sha256:aee66be87825cdf72ac64cb03ad4c15ffef4143dbf5c113f64a5ff4f81477bf9",
                "sha256:af52d26579b308921b73b956153066481f064875140ccd1dfd4e77db89dbb12f",
                "sha256:b94d4ba43739bbe8b0ce4262bcc3b7b9f31459ad120fb595627eaeb7f9b9ca01",
                "sha256:ba630d5e3db74c79300d9a5bdaaf6200172b107f263c98a0539eeecb857b2337",
                "sha256:bed0f8a0eeea9fb72937ba118f9db0cb7e90773462af7962d382445f3005e5a4",
                "sha256:bf99c8404f008750c846cb4ac4667b798a9f7de673ff719d705d9b2d6de49c5f",
                "sha256:c3027001c28434e7ca5a6e1e527487051136aa81803ac812be51802150d880dd",
                "sha256:c65af9088ac534313e1963443d0ec360bb2b9cba6c2909478d22c2e363d98a51",
                "sha256:d0165ab2914379bd56908c02294ed8405c252250668ebcb438a55494c69f44ab",
                "sha256:d1b26e1dff225c31897696cab7d4f0a315d4c0d9e8666dbffdb28216f3b17fdc",
                "sha256:d950caa237bb1954f1b8c9227b5065ba6875ac9771bb8ec790d956a699b78676",
                "sha256:dc61505e73298a84a2f317255fcc72b710b72980f3a1f670447a21efc88f8381",
                "sha256:e173486019cc283dc9778315fa29a363579372fe67045e971e89b6365cc035ed",
                "sha256:e1f735dc43da318cad19b4173dd1ffce1d84aafd6c9b782b3abc04a0d5a6f5bb",
                "sha256:e9386266798d64eeb19dd3677051f5705bf873e98e15897ddb7d76f477131967",
                "sha256:f216dbce0e60e4d03e0c4353c7023b202d95cbaeff12e5fd2e82ea0a66905073",
                "sha256:f4e5658dbffe8843a0f12366a4c2d1c316dbe09bb4dfbdc9d2d9cd6031de8aae",
                "sha256:f5a823165e6d04ccea61a9f0576f345f8ce40ed533013580e087bd4d7442b52c",
                "sha256:f69ed81ab24d5a3bd93861c8c4436f54afdf8e8cc421562b0c7504cf3be58206",
                "sha256:f82d068a2d6ecfc6e054726080af69a6764a10015467d7d7b9f66d6ed5afa23b"
            ],
            "markers": "python_version >= '3.8'",
            "version": "==2.27.1"
        },
        "pyemon": {
            "hashes": [
                "sha256:2ea8bbc117be57cc30755d468aa6956fd62a8415109a3fb28d33666e3d81507c",
                "sha256:c9b90472006bae0b9801491f1c1124caafc9dc48c25cd697949d83d03d6d8f93"
            ],
            "markers": "python_version >= '3.13'",
            "version": "==0.1.0"
        },
        "pyyaml": {
            "hashes": [
                "sha256:01179a4a8559ab5de078078f37e5c1a30d76bb88519906844fd7bdea1b7729ff",
                "sha256:0833f8694549e586547b576dcfaba4a6b55b9e96098b36cdc7ebefe667dfed48",
                "sha256:0a9a2848a5b7feac301353437eb7d5957887edbf81d56e903999a75a3d743086",
                "sha256:0b69e4ce7a131fe56b7e4d770c67429700908fc0752af059838b1cfb41960e4e",
                "sha256:0ffe8360bab4910ef1b9e87fb812d8bc0a308b0d0eef8c8f44e0254ab3b07133",
                "sha256:11d8f3dd2b9c1207dcaf2ee0bbbfd5991f571186ec9cc78427ba5bd32afae4b5",
                "sha256:17e311b6c678207928d649faa7cb0d7b4c26a0ba73d41e99c4fff6b6c3276484",
                "sha256:1e2120ef853f59c7419231f3bf4e7021f1b936f6ebd222406c3b60212205d2ee",
                "sha256:1f71ea527786de97d1a0cc0eacd1defc0985dcf6b3f17bb77dcfc8c34bec4dc5",
                "sha256:23502f431948090f597378482b4812b0caae32c22213aecf3b55325e049a6c68",
                "sha256:24471b829b3bf607e04e88d79542a9d48bb037c2267d7927a874e6c205ca7e9a",
                "sha256:29717114e51c84ddfba879543fb232a6ed60086602313ca38cce623c1d62cfbf",
                "sha256:2e99c6826ffa974fe6e27cdb5ed0021786b03fc98e5ee3c5bfe1fd5015f42b99",
                "sha256:39693e1f8320ae4f43943590b49779ffb98acb81f788220ea932a6b6c51004d8",
                "sha256:3ad2a3decf9aaba3d29c8f537ac4b243e36bef957511b4766cb0057d32b0be85",
                "sha256:3b1fdb9dc17f5a7677423d508ab4f243a726dea51fa5e70992e59a7411c89d19",
                "sha256:41e4e3953a79407c794916fa277a82531dd93aad34e29c2a514c2c0c5fe971cc",
                "sha256:43fa96a3ca0d6b1812e01ced1044a003533c47f6ee8aca31724f78e93ccc089a",
                "sha256:50187695423ffe49e2deacb8cd10510bc361faac997de9efef88badc3bb9e2d1",
                "sha256:5ac9328ec4831237bec75defaf839f7d4564be1e6b25ac710bd1a96321cc8317",
                "sha256:5d225db5a45f21e78dd9358e58a98702a0302f2659a3c6cd320564b75b86f47c",
                "sha256:6395c297d42274772abc367baaa79683958044e5d3835486c16da75d2a694631",
                "sha256:688ba32a1cffef67fd2e9398a2efebaea461578b0923624778664cc1c914db5d",
                "sha256:68ccc6023a3400877818152ad9a1033e3db8625d899c72eacb5a668902e4d652",
                "sha256:70b189594dbe54f75ab3a1acec5f1e3faa7e8cf2f1e08d9b561cb41b845f69d5",
                "sha256:797b4f722ffa07cc8d62053e4cff1486fa6dc094105d13fea7b1de7d8bf71c9e",
                "sha256:7c36280e6fb8385e520936c3cb3b8042851904eba0e58d277dca80a5cfed590b",
                "sha256:7e7401d0de89a9a855c839bc697c079a4af81cf878373abd7dc625847d25cbd8",
                "sha256:80bab7bfc629882493af4aa31a4cfa43a4c57c83813253626916b8c7ada83476",
                "sha256:82d09873e40955485746739bcb8b4586983670466c23382c19cffecbf1fd8706",
                "sha256:8388ee1976c416731879ac16da0aff3f63b286ffdd57cdeb95f3f2e085687563",
                "sha256:8824b5a04a04a047e72eea5cec3bc266db09e35de6bdfe34c9436ac5ee27d237",
                "sha256:8b9c7197f7cb2738065c481a0461e50ad02f18c78cd75775628afb4d7137fb3b",
                "sha256:9056c1ecd25795207ad294bcf39f2db3d845767be0ea6e6a34d856f006006083",
                "sha256:936d68689298c36b53b29f23c6dbb74de12b4ac12ca6cfe0e047bedceea56180",
                "sha256:9b22676e8097e9e22e36d6b7bda33190d0d400f345f23d4065d48f4ca7ae0425",
                "sha256:a4d3091415f010369ae4ed1fc6b79def9416358877534caf6a0fdd2146c87a3e",
                "sha256:a8786accb172bd8afb8be14490a16625cbc387036876ab6ba70912730faf8e1f",
                "sha256:a9f8c2e67970f13b16084e04f134610fd1d374bf477b17ec1599185cf611d725",
                "sha256:bc2fa7c6b47d6bc618dd7fb02ef6fdedb1090ec036abab80d4681424b84c1183",
                "sha256:c70c95198c015b85feafc136515252a261a84561b7b1d51e3384e0655ddf25ab",
                "sha256:cc1c1159b3d456576af7a3e4d1ba7e6924cb39de8f67111c735f6fc832082774",
                "sha256:ce826d6ef20b1bc864f0a68340c8b3287705cae2f8b4b1d932177dcc76721725",
                "sha256:d584d9ec91ad65861cc08d42e834324ef890a082e591037abe114850ff7bbc3e",
                "sha256:d7fded462629cfa4b685c5416b949ebad6cec74af5e2d42905d41e257e0869f5",
                "sha256:d84a1718ee396f54f3a086ea0a66d8e552b2ab2017ef8b420e92edbc841c352d",
                "sha256:d8e03406cac8513435335dbab54c0d385e4a49e4945d2909a581c83647ca0290",
                "sha256:e10ce637b18caea04431ce14fabcf5c64a1c61ec9c56b071a4b7ca131ca52d44",
                "sha256:ec031d5d2feb36d1d1a24380e4db6d43695f3748343d99434e6f5f9156aaa2ed",
                "sha256:ef6107725bd54b262d6dedcc2af448a266975032bc85ef0172c5f059da6325b4",
                "sha256:efdca5630322a10774e8e98e1af481aad470dd62c3170801852d752aa7a783ba",
                "sha256:f753120cb8181e736c57ef7636e83f31b9c0d1722c516f7e86cf15b7aa57ff12",
                "sha256:ff3824dc5261f50c9b0dfb3be22b4567a6f938ccce4587b38952d85fd9e9afe4"
            ],
            "markers": "python_version >= '3.8'",
            "version": "==6.0.2"
        },
        "simplejson": {
            "hashes": [
                "sha256:01c6657485393f2e9b8177c77a7634f13ebe70d5e6de150aae1677d91516ce6b",
                "sha256:0552eb06e7234da892e1d02365cd2b7b2b1f8233aa5aabdb2981587b7cc92ea0",
                "sha256:06662392e4913dc8846d6a71a6d5de86db5fba244831abe1dd741d62a4136764",
                "sha256:0733ecd95ae03ae718ec74aad818f5af5f3155d596f7b242acbc1621e765e5fb",
                "sha256:0766ca6222b410e08e0053a0dda3606cafb3973d5d00538307f631bb59743396",
                "sha256:0791f64fed7d4abad639491f8a6b1ba56d3c604eb94b50f8697359b92d983f36",
                "sha256:08f9b443a94e72dd02c87098c96886d35790e79e46b24e67accafbf13b73d43b",
                "sha256:0959e6cb62e3994b5a40e31047ff97ef5c4138875fae31659bead691bed55896",
                "sha256:0a32859d45d7b85fb803bb68f6bee14526991a1190269116c33399fa0daf9bbf",
                "sha256:0b5ddd2c7d1d3f4d23224bc8a04bbf1430ae9a8149c05b90f8fc610f7f857a23",
                "sha256:0bc5544e3128891bf613b9f71813ee2ec9c11574806f74dd8bb84e5e95bf64a2",
                "sha256:101a3c8392028cd704a93c7cba8926594e775ca3c91e0bee82144e34190903f1",
                "sha256:1069143a8fb3905e1bc0696c62be7e3adf812e9f1976ac9ae15b05112ff57cc9",
                "sha256:1773cabfba66a6337b547e45dafbd471b09487370bcab75bd28f626520410d29",
                "sha256:1a53a07320c5ff574d8b1a89c937ce33608832f166f39dff0581ac43dc979abd",
                "sha256:1bd41f2cb1a2c57656ceff67b12d005cb255c728265e222027ad73193a04005a",
                "sha256:1c49eeb94b8f09dc8a5843c156a22b8bde6aa1ddc65ca8ddc62dddcc001e6a2d",
                "sha256:1df0aaf1cb787fdf34484ed4a1f0c545efd8811f6028623290fef1a53694e597",
                "sha256:1e557712fc79f251673aeb3fad3501d7d4da3a27eff0857af2e1d1afbbcf6685",
                "sha256:1e662336db50ad665777e6548b5076329a94a0c3d4a0472971c588b3ef27de3a",
                "sha256:212fce86a22188b0c7f53533b0f693ea9605c1a0f02c84c475a30616f55a744d",
                "sha256:23228037dc5d41c36666384062904d74409a62f52283d9858fa12f4c22cffad1",
                "sha256:23833ee7e791ec968b744dfee2a2d39df7152050051096caf4296506d75608d8",
                "sha256:256e09d0f94d9c3d177d9e95fd27a68c875a4baa2046633df387b86b652f5747",
                "sha256:2876027ebdd599d730d36464debe84619b0368e9a642ca6e7c601be55aed439e",
                "sha256:2a6a750d3c7461b1c47cfc6bba8d9e57a455e7c5f80057d2a82f738040dd1129",
                "sha256:2a954b30810988feeabde843e3263bf187697e0eb5037396276db3612434049b",
                "sha256:2b737a5fefedb8333fa50b8db3dcc9b1d18fd6c598f89fa7debff8b46bf4e511",
                "sha256:2c78293470313aefa9cfc5e3f75ca0635721fb016fb1121c1c5b0cb8cc74712a",
                "sha256:2f56eb03bc9e432bb81adc8ecff2486d39feb371abb442964ffb44f6db23b332",
                "sha256:32a3ada8f3ea41db35e6d37b86dade03760f804628ec22e4fe775b703d567426",
                "sha256:37105d1d708365b91165e1a6e505bdecc88637091348cf4b6adcdcb4f5a5fb8b",
                "sha256:3bbcdc438dc1683b35f7a8dc100960c721f922f9ede8127f63bed7dfded4c64c",
                "sha256:3dc5c1a85ff388e98ea877042daec3d157b6db0d85bac6ba5498034689793e7e",
                "sha256:42e5acf80d4d971238d4df97811286a044d720693092b20a56d5e56b7dcc5d09",
                "sha256:49549e3d81ab4a58424405aa545602674d8c35c20e986b42bb8668e782a94bac",
                "sha256:49cc4c7b940d43bd12bf87ec63f28cbc4964fc4e12c031cc8cd01650f43eb94e",
                "sha256:4a0710d1a5e41c4f829caa1572793dd3130c8d65c2b194c24ff29c4c305c26e0",
                "sha256:4dfa420bb9225dd33b6efdabde7c6a671b51150b9b1d9c4e5cd74d3b420b3fe1",
                "sha256:50d8b742d74c449c4dcac570d08ce0f21f6a149d2d9cf7652dbf2ba9a1bc729a",
                "sha256:56134bbafe458a7b21f6fddbf889d36bec6d903718f4430768e3af822f8e27c2",
                "sha256:5bf6a3b9a7d7191471b464fe38f684df10eb491ec9ea454003edb45a011ab187",
                "sha256:5d9e8f836688a8fabe6a6b41b334aa550a6823f7b4ac3d3712fc0ad8655be9a8",
                "sha256:619756f1dd634b5bdf57d9a3914300526c3b348188a765e45b8b08eabef0c94e",
                "sha256:6300680d83a399be2b8f3b0ef7ef90b35d2a29fe6e9c21438097e0938bbc1564",
                "sha256:637c4d4b81825c1f4d651e56210bd35b5604034b192b02d2d8f17f7ce8c18f42",
                "sha256:66a0399e21c2112acacfebf3d832ebe2884f823b1c7e6d1363f2944f1db31a99",
                "sha256:67a20641afebf4cfbcff50061f07daad1eace6e7b31d7622b6fa2c40d43900ba",
                "sha256:6890ff9cf0bd2e1d487e2a8869ebd620a44684c0a9667fa5ee751d099d5d84c8",
                "sha256:6d43e24b88c80f997081503f693be832fc90854f278df277dd54f8a4c847ab61",
                "sha256:6ef9383c5e05f445be60f1735c1816163c874c0b1ede8bb4390aff2ced34f333",
                "sha256:6f455672f4738b0f47183c5896e3606cd65c9ddee3805a4d18e8c96aa3f47c84",
                "sha256:6fea0716c593dabb4392c4996d4e902a83b2428e6da82938cf28a523a11eb277",
                "sha256:7017329ca8d4dca94ad5e59f496e5fc77630aecfc39df381ffc1d37fb6b25832",
                "sha256:7137e69c6781ecf23afab064be94a277236c9cba31aa48ff1a0ec3995c69171e",
                "sha256:72e8abbc86fcac83629a030888b45fed3a404d54161118be52cb491cd6975d3e",
                "sha256:7355c7203353c36d46c4e7b6055293b3d2be097bbc5e2874a2b8a7259f0325dd",
                "sha256:76f8c28fe2d426182405b18ddf3001fce47835a557dc15c3d8bdea01c03361da",
                "sha256:7923878b7a0142d39763ec2dbecff3053c1bedd3653585a8474666e420fe83f5",
                "sha256:7a7bfad839c624e139a4863007233a3f194e7c51551081f9789cba52e4da5167",
                "sha256:7b5c472099b39b274dcde27f1113db8d818c9aa3ba8f78cbb8ad04a4c1ac2118",
                "sha256:7c0104b4b7d2c75ccedbf1d9d5a3bd2daa75e51053935a44ba012e2fd4c43752",
                "sha256:7e062767ac165df9a46963f5735aa4eee0089ec1e48b3f2ec46182754b96f55e",
                "sha256:7e2a098c21ad8924076a12b6c178965d88a0ad75d1de67e1afa0a66878f277a5",
                "sha256:817abad79241ed4a507b3caf4d3f2be5079f39d35d4c550a061988986bffd2ec",
                "sha256:83c87706265ae3028e8460d08b05f30254c569772e859e5ba61fe8af2c883468",
                "sha256:89b35433186e977fa86ff1fd179c1fadff39cfa3afa1648dab0b6ca53153acd9",
                "sha256:8e086896c36210ab6050f2f9f095a5f1e03c83fa0e7f296d6cba425411364680",
                "sha256:8f41bb5370b34f63171e65fdb00e12be1d83675cecb23e627df26f4c88dfc021",
                "sha256:934a50a614fb831614db5dbfba35127ee277624dda4d15895c957d2f5d48610c",
                "sha256:93be280fc69a952c76e261036312c20b910e7fa9e234f1d89bdfe3fa34f8a023",
                "sha256:951095be8d4451a7182403354c22ec2de3e513e0cc40408b689af08d02611588",
                "sha256:a0782cb9bf827f0c488b6aa0f2819f618308a3caf2973cfd792e45d631bec4db",
                "sha256:ab69f811a660c362651ae395eba8ce84f84c944cea0df5718ea0ba9d1e4e7252",
                "sha256:ad0e0b1ce9bd3edb5cf64b5b5b76eacbfdac8c5367153aeeec8a8b1407f68342",
                "sha256:add8850db04b98507a8b62d248a326ecc8561e6d24336d1ca5c605bbfaab4cad",
                "sha256:afab2f7f2486a866ff04d6d905e9386ca6a231379181a3838abce1f32fbdcc37",
                "sha256:b5587feda2b65a79da985ae6d116daf6428bf7489992badc29fc96d16cd27b05",
                "sha256:b9198c1f1f8910a3b86b60f4fe2556d9d28d3fefe35bffe6be509a27402e694d",
                "sha256:bc164f32dd9691e7082ce5df24b4cf8c6c394bbf9bdeeb5d843127cd07ab8ad2",
                "sha256:bcde83a553a96dc7533736c547bddaa35414a2566ab0ecf7d3964fc4bdb84c11",
                "sha256:c40df31a75de98db2cdfead6074d4449cd009e79f54c1ebe5e5f1f153c68ad20",
                "sha256:c4f614581b61a26fbbba232a1391f6cee82bc26f2abbb6a0b44a9bba25c56a1c",
                "sha256:c9bedebdc5fdad48af8783022bae307746d54006b783007d1d3c38e10872a2c6",
                "sha256:cb324bb903330cbb35d87cce367a12631cd5720afa06e5b9c906483970946da6",
                "sha256:d00313681015ac498e1736b304446ee6d1c72c5b287cd196996dad84369998f7",
                "sha256:d0b0efc7279d768db7c74d3d07f0b5c81280d16ae3fb14e9081dc903e8360771",
                "sha256:d0d5a63f1768fed7e78cf55712dee81f5a345e34d34224f3507ebf71df2b754d",
                "sha256:d1b8b4d6379fe55f471914345fe6171d81a18649dacf3248abfc9c349b4442eb",
                "sha256:d36608557b4dcd7a62c29ad4cd7c5a1720bbf7dc942eff9dc42d2c542a5f042d",
                "sha256:d43c2d7504eda566c50203cdc9dc043aff6f55f1b7dae0dcd79dfefef9159d1c",
                "sha256:d73efb03c5b39249c82488a994f0998f9e4399e3d085209d2120503305ba77a8",
                "sha256:d936ae682d5b878af9d9eb4d8bb1fdd5e41275c8eb59ceddb0aeed857bb264a2",
                "sha256:dd011fc3c1d88b779645495fdb8189fb318a26981eebcce14109460e062f209b",
                "sha256:dd5b9b1783e14803e362a558680d88939e830db2466f3fa22df5c9319f8eea94",
                "sha256:dd6a7dabcc4c32daf601bc45e01b79175dde4b52548becea4f9545b0a4428169",
                "sha256:dd7230d061e755d60a4d5445bae854afe33444cdb182f3815cff26ac9fb29a15",
                "sha256:e0d2b00ecbcd1a3c5ea1abc8bb99a26508f758c1759fd01c3be482a3655a176f",
                "sha256:e1a1452ad5723ff129b081e3c8aa4ba56b8734fee4223355ed7b815a7ece69bc",
                "sha256:e88abff510dcff903a18d11c2a75f9964e768d99c8d147839913886144b2065e",
                "sha256:ea7a4a998c87c5674a27089e022110a1a08a7753f21af3baf09efe9915c23c3c",
                "sha256:eb47ee773ce67476a960e2db4a0a906680c54f662521550828c0cc57d0099426",
                "sha256:eed8cd98a7b24861da9d3d937f5fbfb6657350c547528a117297fe49e3960667",
                "sha256:ef28c3b328d29b5e2756903aed888960bc5df39b4c2eab157ae212f70ed5bf74",
                "sha256:ef59a53be400c1fad2c914b8d74c9d42384fed5174f9321dd021b7017fd40270",
                "sha256:f39caec26007a2d0efab6b8b1d74873ede9351962707afab622cc2285dd26ed0",
                "sha256:f8efb03ca77bd7725dfacc9254df00d73e6f43013cf39bd37ef1a8ed0ebb5165",
                "sha256:fa97278ae6614346b5ca41a45a911f37a3261b57dbe4a00602048652c862c28b",
                "sha256:fc3dc9fb413fc34c396f52f4c87de18d0bd5023804afa8ab5cc224deeb6a9900",
                "sha256:ff7bc1bbdaa3e487c9469128bf39408e91f5573901cb852e03af378d3582c52d"
            ],
            "markers": "python_version >= '2.5' and python_version not in '3.0, 3.1, 3.2'",
            "version": "==3.19.3"
        },
        "tenacity": {
            "hashes": [
                "sha256:807f37ca97d62aa361264d497b0e31e92b8027044942bfa756160d908320d73b",
                "sha256:93de0c98785b27fcf659856aa9f54bfbd399e29969b0621bc7f762bd441b4539"
            ],
            "markers": "python_version >= '3.8'",
            "version": "==9.0.0"
        },
        "typing-extensions": {
            "hashes": [
                "sha256:04e5ca0351e0f3f85c6853954072df659d0d13fac324d0072316b67d7794700d",
                "sha256:1a7ead55c7e559dd4dee8856e3a88b41225abfe1ce8df57b7c13915fe121ffb8"
            ],
            "markers": "python_version >= '3.8'",
            "version": "==4.12.2"
        }
    },
    "develop": {
        "colorama": {
            "hashes": [
                "sha256:08695f5cb7ed6e0531a20572697297273c47b8cae5a63ffc6d6ed5c201be6e44",
                "sha256:4f1d9991f5acc0ca119f9d443620b77f9d6b33703e51011c16baf57afb285fc6"
            ],
            "markers": "python_version >= '2.7' and python_version not in '3.0, 3.1, 3.2, 3.3, 3.4, 3.5, 3.6'",
            "version": "==0.4.6"
        },
        "iniconfig": {
            "hashes": [
                "sha256:2d91e135bf72d31a410b17c16da610a82cb55f6b0477d1a902134b24a455b8b3",
                "sha256:b6a85871a79d2e3b22d2d1b94ac2824226a63c6b741c88f7ae975f18b6778374"
            ],
            "markers": "python_version >= '3.7'",
            "version": "==2.0.0"
        },
        "packaging": {
            "hashes": [
                "sha256:09abb1bccd265c01f4a3aa3f7a7db064b36514d2cba19a2f694fe6150451a759",
                "sha256:c228a6dc5e932d346bc5739379109d49e8853dd8223571c7c5b55260edc0b97f"
            ],
            "markers": "python_version >= '3.8'",
            "version": "==24.2"
        },
        "pluggy": {
            "hashes": [
                "sha256:2cffa88e94fdc978c4c574f15f9e59b7f4201d439195c3715ca9e2486f1d0cf1",
                "sha256:44e1ad92c8ca002de6377e165f3e0f1be63266ab4d554740532335b9d75ea669"
            ],
            "markers": "python_version >= '3.8'",
            "version": "==1.5.0"
        },
        "pytest": {
            "hashes": [
                "sha256:70b98107bd648308a7952b06e6ca9a50bc660be218d53c257cc1fc94fda10181",
                "sha256:a6853c7375b2663155079443d2e45de913a911a11d669df02a50814944db57b2"
            ],
            "index": "pypi",
            "markers": "python_version >= '3.8'",
            "version": "==8.3.3"
        }
    }
}
